
Microsoft Visual Studio Solution File, Format Version 12.00
# Visual Studio 15
VisualStudioVersion = 15.0.26228.12
MinimumVisualStudioVersion = 10.0.40219.1
Project("{FAE04EC0-301F-11D3-BF4B-00C04F79EFBC}") = "DrinkingGame.BusinessLogic", "DrinkingGame.BusinessLogic\DrinkingGame.BusinessLogic.csproj", "{759D79B1-9A9C-44D3-A2A5-B45C7E113889}"
EndProject
Project("{FAE04EC0-301F-11D3-BF4B-00C04F79EFBC}") = "DrinkingGame.EntityFramework", "DrinkingGame.EntityFramework\DrinkingGame.EntityFramework.csproj", "{06131363-E0F4-47EF-AD2D-E9F69A3C28FB}"
EndProject
Project("{FAE04EC0-301F-11D3-BF4B-00C04F79EFBC}") = "DrinkingGame.Client.UWP", "DrinkingGame.Raspberry\DrinkingGame.Client.UWP.csproj", "{C6E65A13-E82A-4CBB-8949-FD0D44A5EA09}"
EndProject
Project("{FAE04EC0-301F-11D3-BF4B-00C04F79EFBC}") = "DrinkingGame.Alexa", "DrinkingGame.Alexa\DrinkingGame.Alexa.csproj", "{5F3CD302-7670-433E-85F8-BCD75263E794}"
EndProject
Project("{FAE04EC0-301F-11D3-BF4B-00C04F79EFBC}") = "DrinkingGame.Shared", "DrinkingGame.Shared\DrinkingGame.Shared.csproj", "{55F6D288-A5A7-417B-856F-D0E6EAC988E3}"
EndProject
Project("{FAE04EC0-301F-11D3-BF4B-00C04F79EFBC}") = "DrinkingGame.Client.Core", "DrinkingGame.Client.Core\DrinkingGame.Client.Core.csproj", "{C5D33116-2B03-446D-B3CC-7D95B4B124BD}"
EndProject
Project("{FAE04EC0-301F-11D3-BF4B-00C04F79EFBC}") = "DrinkingGame.Client.Signalr", "DrinkingGame.Client.Signalr\DrinkingGame.Client.Signalr.csproj", "{2636E667-E11A-4954-A952-9BB2A3DD118D}"
EndProject
Global
	GlobalSection(SolutionConfigurationPlatforms) = preSolution
		Debug|Any CPU = Debug|Any CPU
		Debug|ARM = Debug|ARM
		Debug|x64 = Debug|x64
		Debug|x86 = Debug|x86
		Release|Any CPU = Release|Any CPU
		Release|ARM = Release|ARM
		Release|x64 = Release|x64
		Release|x86 = Release|x86
	EndGlobalSection
	GlobalSection(ProjectConfigurationPlatforms) = postSolution
		{759D79B1-9A9C-44D3-A2A5-B45C7E113889}.Debug|Any CPU.ActiveCfg = Debug|Any CPU
		{759D79B1-9A9C-44D3-A2A5-B45C7E113889}.Debug|Any CPU.Build.0 = Debug|Any CPU
		{759D79B1-9A9C-44D3-A2A5-B45C7E113889}.Debug|ARM.ActiveCfg = Debug|Any CPU
		{759D79B1-9A9C-44D3-A2A5-B45C7E113889}.Debug|ARM.Build.0 = Debug|Any CPU
		{759D79B1-9A9C-44D3-A2A5-B45C7E113889}.Debug|x64.ActiveCfg = Debug|Any CPU
		{759D79B1-9A9C-44D3-A2A5-B45C7E113889}.Debug|x64.Build.0 = Debug|Any CPU
		{759D79B1-9A9C-44D3-A2A5-B45C7E113889}.Debug|x86.ActiveCfg = Debug|Any CPU
		{759D79B1-9A9C-44D3-A2A5-B45C7E113889}.Debug|x86.Build.0 = Debug|Any CPU
		{759D79B1-9A9C-44D3-A2A5-B45C7E113889}.Release|Any CPU.ActiveCfg = Release|Any CPU
		{759D79B1-9A9C-44D3-A2A5-B45C7E113889}.Release|Any CPU.Build.0 = Release|Any CPU
		{759D79B1-9A9C-44D3-A2A5-B45C7E113889}.Release|ARM.ActiveCfg = Release|Any CPU
		{759D79B1-9A9C-44D3-A2A5-B45C7E113889}.Release|ARM.Build.0 = Release|Any CPU
		{759D79B1-9A9C-44D3-A2A5-B45C7E113889}.Release|x64.ActiveCfg = Release|Any CPU
		{759D79B1-9A9C-44D3-A2A5-B45C7E113889}.Release|x64.Build.0 = Release|Any CPU
		{759D79B1-9A9C-44D3-A2A5-B45C7E113889}.Release|x86.ActiveCfg = Release|Any CPU
		{759D79B1-9A9C-44D3-A2A5-B45C7E113889}.Release|x86.Build.0 = Release|Any CPU
		{06131363-E0F4-47EF-AD2D-E9F69A3C28FB}.Debug|Any CPU.ActiveCfg = Debug|Any CPU
		{06131363-E0F4-47EF-AD2D-E9F69A3C28FB}.Debug|Any CPU.Build.0 = Debug|Any CPU
		{06131363-E0F4-47EF-AD2D-E9F69A3C28FB}.Debug|ARM.ActiveCfg = Debug|Any CPU
		{06131363-E0F4-47EF-AD2D-E9F69A3C28FB}.Debug|ARM.Build.0 = Debug|Any CPU
		{06131363-E0F4-47EF-AD2D-E9F69A3C28FB}.Debug|x64.ActiveCfg = Debug|Any CPU
		{06131363-E0F4-47EF-AD2D-E9F69A3C28FB}.Debug|x64.Build.0 = Debug|Any CPU
		{06131363-E0F4-47EF-AD2D-E9F69A3C28FB}.Debug|x86.ActiveCfg = Debug|Any CPU
		{06131363-E0F4-47EF-AD2D-E9F69A3C28FB}.Debug|x86.Build.0 = Debug|Any CPU
		{06131363-E0F4-47EF-AD2D-E9F69A3C28FB}.Release|Any CPU.ActiveCfg = Release|Any CPU
		{06131363-E0F4-47EF-AD2D-E9F69A3C28FB}.Release|Any CPU.Build.0 = Release|Any CPU
		{06131363-E0F4-47EF-AD2D-E9F69A3C28FB}.Release|ARM.ActiveCfg = Release|Any CPU
		{06131363-E0F4-47EF-AD2D-E9F69A3C28FB}.Release|ARM.Build.0 = Release|Any CPU
		{06131363-E0F4-47EF-AD2D-E9F69A3C28FB}.Release|x64.ActiveCfg = Release|Any CPU
		{06131363-E0F4-47EF-AD2D-E9F69A3C28FB}.Release|x64.Build.0 = Release|Any CPU
		{06131363-E0F4-47EF-AD2D-E9F69A3C28FB}.Release|x86.ActiveCfg = Release|Any CPU
		{06131363-E0F4-47EF-AD2D-E9F69A3C28FB}.Release|x86.Build.0 = Release|Any CPU
		{C6E65A13-E82A-4CBB-8949-FD0D44A5EA09}.Debug|Any CPU.ActiveCfg = Debug|x86
		{C6E65A13-E82A-4CBB-8949-FD0D44A5EA09}.Debug|ARM.ActiveCfg = Debug|ARM
		{C6E65A13-E82A-4CBB-8949-FD0D44A5EA09}.Debug|ARM.Build.0 = Debug|ARM
		{C6E65A13-E82A-4CBB-8949-FD0D44A5EA09}.Debug|ARM.Deploy.0 = Debug|ARM
		{C6E65A13-E82A-4CBB-8949-FD0D44A5EA09}.Debug|x64.ActiveCfg = Debug|x64
		{C6E65A13-E82A-4CBB-8949-FD0D44A5EA09}.Debug|x64.Build.0 = Debug|x64
		{C6E65A13-E82A-4CBB-8949-FD0D44A5EA09}.Debug|x64.Deploy.0 = Debug|x64
		{C6E65A13-E82A-4CBB-8949-FD0D44A5EA09}.Debug|x86.ActiveCfg = Debug|x86
		{C6E65A13-E82A-4CBB-8949-FD0D44A5EA09}.Debug|x86.Build.0 = Debug|x86
		{C6E65A13-E82A-4CBB-8949-FD0D44A5EA09}.Debug|x86.Deploy.0 = Debug|x86
		{C6E65A13-E82A-4CBB-8949-FD0D44A5EA09}.Release|Any CPU.ActiveCfg = Release|x86
		{C6E65A13-E82A-4CBB-8949-FD0D44A5EA09}.Release|ARM.ActiveCfg = Release|ARM
		{C6E65A13-E82A-4CBB-8949-FD0D44A5EA09}.Release|ARM.Build.0 = Release|ARM
		{C6E65A13-E82A-4CBB-8949-FD0D44A5EA09}.Release|ARM.Deploy.0 = Release|ARM
		{C6E65A13-E82A-4CBB-8949-FD0D44A5EA09}.Release|x64.ActiveCfg = Release|x64
		{C6E65A13-E82A-4CBB-8949-FD0D44A5EA09}.Release|x64.Build.0 = Release|x64
		{C6E65A13-E82A-4CBB-8949-FD0D44A5EA09}.Release|x64.Deploy.0 = Release|x64
		{C6E65A13-E82A-4CBB-8949-FD0D44A5EA09}.Release|x86.ActiveCfg = Release|x86
		{C6E65A13-E82A-4CBB-8949-FD0D44A5EA09}.Release|x86.Build.0 = Release|x86
		{C6E65A13-E82A-4CBB-8949-FD0D44A5EA09}.Release|x86.Deploy.0 = Release|x86
		{5F3CD302-7670-433E-85F8-BCD75263E794}.Debug|Any CPU.ActiveCfg = Debug|Any CPU
		{5F3CD302-7670-433E-85F8-BCD75263E794}.Debug|Any CPU.Build.0 = Debug|Any CPU
		{5F3CD302-7670-433E-85F8-BCD75263E794}.Debug|ARM.ActiveCfg = Debug|Any CPU
		{5F3CD302-7670-433E-85F8-BCD75263E794}.Debug|ARM.Build.0 = Debug|Any CPU
		{5F3CD302-7670-433E-85F8-BCD75263E794}.Debug|x64.ActiveCfg = Debug|Any CPU
		{5F3CD302-7670-433E-85F8-BCD75263E794}.Debug|x64.Build.0 = Debug|Any CPU
		{5F3CD302-7670-433E-85F8-BCD75263E794}.Debug|x86.ActiveCfg = Debug|Any CPU
		{5F3CD302-7670-433E-85F8-BCD75263E794}.Debug|x86.Build.0 = Debug|Any CPU
		{5F3CD302-7670-433E-85F8-BCD75263E794}.Release|Any CPU.ActiveCfg = Release|Any CPU
		{5F3CD302-7670-433E-85F8-BCD75263E794}.Release|Any CPU.Build.0 = Release|Any CPU
		{5F3CD302-7670-433E-85F8-BCD75263E794}.Release|ARM.ActiveCfg = Release|Any CPU
		{5F3CD302-7670-433E-85F8-BCD75263E794}.Release|ARM.Build.0 = Release|Any CPU
		{5F3CD302-7670-433E-85F8-BCD75263E794}.Release|x64.ActiveCfg = Release|Any CPU
		{5F3CD302-7670-433E-85F8-BCD75263E794}.Release|x64.Build.0 = Release|Any CPU
		{5F3CD302-7670-433E-85F8-BCD75263E794}.Release|x86.ActiveCfg = Release|Any CPU
		{5F3CD302-7670-433E-85F8-BCD75263E794}.Release|x86.Build.0 = Release|Any CPU
		{55F6D288-A5A7-417B-856F-D0E6EAC988E3}.Debug|Any CPU.ActiveCfg = Debug|Any CPU
		{55F6D288-A5A7-417B-856F-D0E6EAC988E3}.Debug|Any CPU.Build.0 = Debug|Any CPU
		{55F6D288-A5A7-417B-856F-D0E6EAC988E3}.Debug|ARM.ActiveCfg = Debug|Any CPU
		{55F6D288-A5A7-417B-856F-D0E6EAC988E3}.Debug|ARM.Build.0 = Debug|Any CPU
		{55F6D288-A5A7-417B-856F-D0E6EAC988E3}.Debug|x64.ActiveCfg = Debug|Any CPU
		{55F6D288-A5A7-417B-856F-D0E6EAC988E3}.Debug|x64.Build.0 = Debug|Any CPU
		{55F6D288-A5A7-417B-856F-D0E6EAC988E3}.Debug|x86.ActiveCfg = Debug|Any CPU
		{55F6D288-A5A7-417B-856F-D0E6EAC988E3}.Debug|x86.Build.0 = Debug|Any CPU
		{55F6D288-A5A7-417B-856F-D0E6EAC988E3}.Release|Any CPU.ActiveCfg = Release|Any CPU
		{55F6D288-A5A7-417B-856F-D0E6EAC988E3}.Release|Any CPU.Build.0 = Release|Any CPU
		{55F6D288-A5A7-417B-856F-D0E6EAC988E3}.Release|ARM.ActiveCfg = Release|Any CPU
		{55F6D288-A5A7-417B-856F-D0E6EAC988E3}.Release|ARM.Build.0 = Release|Any CPU
		{55F6D288-A5A7-417B-856F-D0E6EAC988E3}.Release|x64.ActiveCfg = Release|Any CPU
		{55F6D288-A5A7-417B-856F-D0E6EAC988E3}.Release|x64.Build.0 = Release|Any CPU
		{55F6D288-A5A7-417B-856F-D0E6EAC988E3}.Release|x86.ActiveCfg = Release|Any CPU
		{55F6D288-A5A7-417B-856F-D0E6EAC988E3}.Release|x86.Build.0 = Release|Any CPU
		{C5D33116-2B03-446D-B3CC-7D95B4B124BD}.Debug|Any CPU.ActiveCfg = Debug|Any CPU
		{C5D33116-2B03-446D-B3CC-7D95B4B124BD}.Debug|Any CPU.Build.0 = Debug|Any CPU
		{C5D33116-2B03-446D-B3CC-7D95B4B124BD}.Debug|ARM.ActiveCfg = Debug|ARM
		{C5D33116-2B03-446D-B3CC-7D95B4B124BD}.Debug|ARM.Build.0 = Debug|ARM
		{C5D33116-2B03-446D-B3CC-7D95B4B124BD}.Debug|x64.ActiveCfg = Debug|x64
		{C5D33116-2B03-446D-B3CC-7D95B4B124BD}.Debug|x64.Build.0 = Debug|x64
		{C5D33116-2B03-446D-B3CC-7D95B4B124BD}.Debug|x86.ActiveCfg = Debug|x86
		{C5D33116-2B03-446D-B3CC-7D95B4B124BD}.Debug|x86.Build.0 = Debug|x86
		{C5D33116-2B03-446D-B3CC-7D95B4B124BD}.Release|Any CPU.ActiveCfg = Release|Any CPU
		{C5D33116-2B03-446D-B3CC-7D95B4B124BD}.Release|Any CPU.Build.0 = Release|Any CPU
		{C5D33116-2B03-446D-B3CC-7D95B4B124BD}.Release|ARM.ActiveCfg = Release|ARM
		{C5D33116-2B03-446D-B3CC-7D95B4B124BD}.Release|ARM.Build.0 = Release|ARM
		{C5D33116-2B03-446D-B3CC-7D95B4B124BD}.Release|x64.ActiveCfg = Release|x64
		{C5D33116-2B03-446D-B3CC-7D95B4B124BD}.Release|x64.Build.0 = Release|x64
		{C5D33116-2B03-446D-B3CC-7D95B4B124BD}.Release|x86.ActiveCfg = Release|x86
		{C5D33116-2B03-446D-B3CC-7D95B4B124BD}.Release|x86.Build.0 = Release|x86
		{2636E667-E11A-4954-A952-9BB2A3DD118D}.Debug|Any CPU.ActiveCfg = Debug|Any CPU
		{2636E667-E11A-4954-A952-9BB2A3DD118D}.Debug|Any CPU.Build.0 = Debug|Any CPU
		{2636E667-E11A-4954-A952-9BB2A3DD118D}.Debug|ARM.ActiveCfg = Debug|Any CPU
		{2636E667-E11A-4954-A952-9BB2A3DD118D}.Debug|ARM.Build.0 = Debug|Any CPU
		{2636E667-E11A-4954-A952-9BB2A3DD118D}.Debug|x64.ActiveCfg = Debug|Any CPU
		{2636E667-E11A-4954-A952-9BB2A3DD118D}.Debug|x64.Build.0 = Debug|Any CPU
		{2636E667-E11A-4954-A952-9BB2A3DD118D}.Debug|x86.ActiveCfg = Debug|Any CPU
		{2636E667-E11A-4954-A952-9BB2A3DD118D}.Debug|x86.Build.0 = Debug|Any CPU
		{2636E667-E11A-4954-A952-9BB2A3DD118D}.Release|Any CPU.ActiveCfg = Release|Any CPU
		{2636E667-E11A-4954-A952-9BB2A3DD118D}.Release|Any CPU.Build.0 = Release|Any CPU
		{2636E667-E11A-4954-A952-9BB2A3DD118D}.Release|ARM.ActiveCfg = Release|Any CPU
		{2636E667-E11A-4954-A952-9BB2A3DD118D}.Release|ARM.Build.0 = Release|Any CPU
		{2636E667-E11A-4954-A952-9BB2A3DD118D}.Release|x64.ActiveCfg = Release|Any CPU
		{2636E667-E11A-4954-A952-9BB2A3DD118D}.Release|x64.Build.0 = Release|Any CPU
		{2636E667-E11A-4954-A952-9BB2A3DD118D}.Release|x86.ActiveCfg = Release|Any CPU
		{2636E667-E11A-4954-A952-9BB2A3DD118D}.Release|x86.Build.0 = Release|Any CPU
	EndGlobalSection
	GlobalSection(SolutionProperties) = preSolution
		HideSolutionNode = FALSE
	EndGlobalSection
EndGlobal
